SITE
  remote: http://community.opscode.com/api/v1
  specs:
    dmg (1.0.0)

GIT
  remote: https://github.com/pivotal/pivotal_workstation
  ref: master
  sha: 31225b05beec6dd6d4eb83e7be11619dca083f82
  specs:
    pivotal_workstation (1.0.0)
      dmg (>= 0.0.0)

DEPENDENCIES
  pivotal_workstation (>= 0)

